// !$*UTF8*$!
{
	archiveVersion = 1;
	classes = {
	};
	objectVersion = 77;
	objects = {

/* Begin PBXBuildFile section */
		1509E72D2EE619BD008EBE04 /* FirebaseAuth in Frameworks */ = {isa = PBXBuildFile; productRef = 1509E72C2EE619BD008EBE04 /* FirebaseAuth */; };
		1509E72F2EE619BD008EBE04 /* FirebaseFirestore in Frameworks */ = {isa = PBXBuildFile; productRef = 1509E72E2EE619BD008EBE04 /* FirebaseFirestore */; };
		1509E7312EE61B6A008EBE04 /* FirebaseAuth in Frameworks */ = {isa = PBXBuildFile; productRef = 1509E7302EE61B6A008EBE04 /* FirebaseAuth */; };
		1509E7332EE61B6A008EBE04 /* FirebaseCore in Frameworks */ = {isa = PBXBuildFile; productRef = 1509E7322EE61B6A008EBE04 /* FirebaseCore */; };
		1509E7352EE61B6A008EBE04 /* FirebaseDatabase in Frameworks */ = {isa = PBXBuildFile; productRef = 1509E7342EE61B6A008EBE04 /* FirebaseDatabase */; };
		1509E7372EE61B6A008EBE04 /* FirebaseFirestore in Frameworks */ = {isa = PBXBuildFile; productRef = 1509E7362EE61B6A008EBE04 /* FirebaseFirestore */; };
		1509E7392EE61B6A008EBE04 /* FirebaseStorage in Frameworks */ = {isa = PBXBuildFile; productRef = 1509E7382EE61B6A008EBE04 /* FirebaseStorage */; };
		E7DAD008993EB7F6DFC1F0F9 /* Pods_EventSync.framework in Frameworks */ = {isa = PBXBuildFile; fileRef = F2E2C072D22DC1DE88176A64 /* Pods_EventSync.framework */; };
/* End PBXBuildFile section */

/* Begin PBXFileReference section */
		1526922B2ECA7CD200E816F7 /* EventSync.app */ = {isa = PBXFileReference; explicitFileType = wrapper.application; includeInIndex = 0; path = EventSync.app; sourceTree = BUILT_PRODUCTS_DIR; };
		741A4BABB44C110A34C7BECD /* Pods-EventSync.release.xcconfig */ = {isa = PBXFileReference; includeInIndex = 1; lastKnownFileType = text.xcconfig; name = "Pods-EventSync.release.xcconfig"; path = "Target Support Files/Pods-EventSync/Pods-EventSync.release.xcconfig"; sourceTree = "<group>"; };
		DC9EFE047F56C6844F64E4D4 /* Pods-EventSync.debug.xcconfig */ = {isa = PBXFileReference; includeInIndex = 1; lastKnownFileType = text.xcconfig; name = "Pods-EventSync.debug.xcconfig"; path = "Target Support Files/Pods-EventSync/Pods-EventSync.debug.xcconfig"; sourceTree = "<group>"; };
		F2E2C072D22DC1DE88176A64 /* Pods_EventSync.framework */ = {isa = PBXFileReference; explicitFileType = wrapper.framework; includeInIndex = 0; path = Pods_EventSync.framework; sourceTree = BUILT_PRODUCTS_DIR; };
/* End PBXFileReference section */

/* Begin PBXFileSystemSynchronizedBuildFileExceptionSet section */
		1526923D2ECA7CD300E816F7 /* Exceptions for "EventSync" folder in "EventSync" target */ = {
			isa = PBXFileSystemSynchronizedBuildFileExceptionSet;
			membershipExceptions = (
				Info.plist,
			);
			target = 1526922A2ECA7CD200E816F7 /* EventSync */;
		};
/* End PBXFileSystemSynchronizedBuildFileExceptionSet section */

/* Begin PBXFileSystemSynchronizedRootGroup section */
		1526922D2ECA7CD200E816F7 /* EventSync */ = {
			isa = PBXFileSystemSynchronizedRootGroup;
			exceptions = (
				1526923D2ECA7CD300E816F7 /* Exceptions for "EventSync" folder in "EventSync" target */,
			);
			path = EventSync;
			sourceTree = "<group>";
		};
/* End PBXFileSystemSynchronizedRootGroup section */

/* Begin PBXFrameworksBuildPhase section */
		152692282ECA7CD200E816F7 /* Frameworks */ = {
			isa = PBXFrameworksBuildPhase;
			buildActionMask = 2147483647;
			files = (
				1509E7352EE61B6A008EBE04 /* FirebaseDatabase in Frameworks */,
				E7DAD008993EB7F6DFC1F0F9 /* Pods_EventSync.framework in Frameworks */,
				1509E7332EE61B6A008EBE04 /* FirebaseCore in Frameworks */,
				1509E72D2EE619BD008EBE04 /* FirebaseAuth in Frameworks */,
				1509E72F2EE619BD008EBE04 /* FirebaseFirestore in Frameworks */,
				1509E7392EE61B6A008EBE04 /* FirebaseStorage in Frameworks */,
				1509E7312EE61B6A008EBE04 /* FirebaseAuth in Frameworks */,
				1509E7372EE61B6A008EBE04 /* FirebaseFirestore in Frameworks */,
			);
			runOnlyForDeploymentPostprocessing = 0;
		};
/* End PBXFrameworksBuildPhase section */

/* Begin PBXGroup section */
		152692222ECA7CD200E816F7 = {
			isa = PBXGroup;
			children = (
				1526922D2ECA7CD200E816F7 /* EventSync */,
				1526922C2ECA7CD200E816F7 /* Products */,
				2BA9747C0DFF7012E232C39F /* Pods */,
				4DEB49F00D7EB7827BB3B2CF /* Frameworks */,
			);
			sourceTree = "<group>";
		};
		1526922C2ECA7CD200E816F7 /* Products */ = {
			isa = PBXGroup;
			children = (
				1526922B2ECA7CD200E816F7 /* EventSync.app */,
			);
			name = Products;
			sourceTree = "<group>";
		};
		2BA9747C0DFF7012E232C39F /* Pods */ = {
			isa = PBXGroup;
			children = (
				DC9EFE047F56C6844F64E4D4 /* Pods-EventSync.debug.xcconfig */,
				741A4BABB44C110A34C7BECD /* Pods-EventSync.release.xcconfig */,
			);
			path = Pods;
			sourceTree = "<group>";
		};
		4DEB49F00D7EB7827BB3B2CF /* Frameworks */ = {
			isa = PBXGroup;
			children = (
				F2E2C072D22DC1DE88176A64 /* Pods_EventSync.framework */,
			);
			name = Frameworks;
			sourceTree = "<group>";
		};
/* End PBXGroup section */

/* Begin PBXNativeTarget section */
		1526922A2ECA7CD200E816F7 /* EventSync */ = {
			isa = PBXNativeTarget;
			buildConfigurationList = 1526923E2ECA7CD300E816F7 /* Build configuration list for PBXNativeTarget "EventSync" */;
			buildPhases = (
				06177EE76A84A7A954342B29 /* [CP] Check Pods Manifest.lock */,
				152692272ECA7CD200E816F7 /* Sources */,
				152692282ECA7CD200E816F7 /* Frameworks */,
				152692292ECA7CD200E816F7 /* Resources */,
				AE8468D383A2AA22919865CA /* [CP] Embed Pods Frameworks */,
			);
			buildRules = (
			);
			dependencies = (
			);
			fileSystemSynchronizedGroups = (
				1526922D2ECA7CD200E816F7 /* EventSync */,
			);
			name = EventSync;
			productName = EventSync;
			productReference = 1526922B2ECA7CD200E816F7 /* EventSync.app */;
			productType = "com.apple.product-type.application";
		};
/* End PBXNativeTarget section */

/* Begin PBXProject section */
		152692232ECA7CD200E816F7 /* Project object */ = {
			isa = PBXProject;
			attributes = {
				BuildIndependentTargetsInParallel = 1;
				LastSwiftUpdateCheck = 1640;
				LastUpgradeCheck = 1640;
				TargetAttributes = {
					1526922A2ECA7CD200E816F7 = {
						CreatedOnToolsVersion = 16.4;
					};
				};
			};
			buildConfigurationList = 152692262ECA7CD200E816F7 /* Build configuration list for PBXProject "EventSync" */;
			developmentRegion = en;
			hasScannedForEncodings = 0;
			knownRegions = (
				en,
				Base,
			);
			mainGroup = 152692222ECA7CD200E816F7;
			minimizedProjectReferenceProxies = 1;
			packageReferences = (
				1509E72B2EE619BD008EBE04 /* XCRemoteSwiftPackageReference "firebase-ios-sdk" */,
			);
			preferredProjectObjectVersion = 77;
			productRefGroup = 1526922C2ECA7CD200E816F7 /* Products */;
			projectDirPath = "";
			projectRoot = "";
			targets = (
				1526922A2ECA7CD200E816F7 /* EventSync */,
			);
		};
/* End PBXProject section */

/* Begin PBXResourcesBuildPhase section */
		152692292ECA7CD200E816F7 /* Resources */ = {
			isa = PBXResourcesBuildPhase;
			buildActionMask = 2147483647;
			files = (
			);
			runOnlyForDeploymentPostprocessing = 0;
		};
/* End PBXResourcesBuildPhase section */

/* Begin PBXShellScriptBuildPhase section */
		06177EE76A84A7A954342B29 /* [CP] Check Pods Manifest.lock */ = {
			isa = PBXShellScriptBuildPhase;
			buildActionMask = 2147483647;
			files = (
			);
			inputFileListPaths = (
			);
			inputPaths = (
				"${PODS_PODFILE_DIR_PATH}/Podfile.lock",
				"${PODS_ROOT}/Manifest.lock",
			);
			name = "[CP] Check Pods Manifest.lock";
			outputFileListPaths = (
			);
			outputPaths = (
				"$(DERIVED_FILE_DIR)/Pods-EventSync-checkManifestLockResult.txt",
			);
			runOnlyForDeploymentPostprocessing = 0;
			shellPath = /bin/sh;
			shellScript = "diff \"${PODS_PODFILE_DIR_PATH}/Podfile.lock\" \"${PODS_ROOT}/Manifest.lock\" > /dev/null\nif [ $? != 0 ] ; then\n    # print error to STDERR\n    echo \"error: The sandbox is not in sync with the Podfile.lock. Run 'pod install' or update your CocoaPods installation.\" >&2\n    exit 1\nfi\n# This output is used by Xcode 'outputs' to avoid re-running this script phase.\necho \"SUCCESS\" > \"${SCRIPT_OUTPUT_FILE_0}\"\n";
			showEnvVarsInLog = 0;
		};
		AE8468D383A2AA22919865CA /* [CP] Embed Pods Frameworks */ = {
			isa = PBXShellScriptBuildPhase;
			buildActionMask = 2147483647;
			files = (
			);
			inputFileListPaths = (
				"${PODS_ROOT}/Target Support Files/Pods-EventSync/Pods-EventSync-frameworks-${CONFIGURATION}-input-files.xcfilelist",
			);
			inputPaths = (
			);
			name = "[CP] Embed Pods Frameworks";
			outputFileListPaths = (
				"${PODS_ROOT}/Target Support Files/Pods-EventSync/Pods-EventSync-frameworks-${CONFIGURATION}-output-files.xcfilelist",
			);
			outputPaths = (
			);
			runOnlyForDeploymentPostprocessing = 0;
			shellPath = /bin/sh;
			shellScript = "\"${PODS_ROOT}/Target Support Files/Pods-EventSync/Pods-EventSync-frameworks.sh\"\n";
			showEnvVarsInLog = 0;
		};
/* End PBXShellScriptBuildPhase section */

/* Begin PBXSourcesBuildPhase section */
		152692272ECA7CD200E816F7 /* Sources */ = {
			isa = PBXSourcesBuildPhase;
			buildActionMask = 2147483647;
			files = (
			);
			runOnlyForDeploymentPostprocessing = 0;
		};
/* End PBXSourcesBuildPhase section */

/* Begin XCBuildConfiguration section */
		1526923F2ECA7CD300E816F7 /* Debug */ = {
			isa = XCBuildConfiguration;
			baseConfigurationReference = DC9EFE047F56C6844F64E4D4 /* Pods-EventSync.debug.xcconfig */;
			buildSettings = {
				ASSETCATALOG_COMPILER_APPICON_NAME = AppIcon;
				ASSETCATALOG_COMPILER_GLOBAL_ACCENT_COLOR_NAME = AccentColor;
				CODE_SIGN_STYLE = Automatic;
				CURRENT_PROJECT_VERSION = 1;
				DEVELOPMENT_TEAM = J7UD9NJD36;
				ENABLE_USER_SCRIPT_SANDBOXING = NO;
				GENERATE_INFOPLIST_FILE = YES;
				INFOPLIST_FILE = EventSync/Info.plist;
				INFOPLIST_KEY_UIApplicationSupportsIndirectInputEvents = YES;
				INFOPLIST_KEY_UILaunchStoryboardName = LaunchScreen;
				INFOPLIST_KEY_UIMainStoryboardFile = Main;
				INFOPLIST_KEY_UISupportedInterfaceOrientations_iPad = "UIInterfaceOrientationPortrait UIInterfaceOrientationPortraitUpsideDown UIInterfaceOrientationLandscapeLeft UIInterfaceOrientationLandscapeRight";
				INFOPLIST_KEY_UISupportedInterfaceOrientations_iPhone = "UIInterfaceOrientationPortrait UIInterfaceOrientationLandscapeLeft UIInterfaceOrientationLandscapeRight";
				LD_RUNPATH_SEARCH_PATHS = (
					"$(inherited)",
					"@executable_path/Frameworks",
				);
				MARKETING_VERSION = 1.0;
				PRODUCT_BUNDLE_IDENTIFIER = com.dhadiwal.EventSync;
				PRODUCT_NAME = "$(TARGET_NAME)";
				SWIFT_EMIT_LOC_STRINGS = YES;
				SWIFT_VERSION = 5.0;
				TARGETED_DEVICE_FAMILY = "1,2";
			};
			name = Debug;
		};
		152692402ECA7CD300E816F7 /* Release */ = {
			isa = XCBuildConfiguration;
			baseConfigurationReference = 741A4BABB44C110A34C7BECD /* Pods-EventSync.release.xcconfig */;
			buildSettings = {
				ASSETCATALOG_COMPILER_APPICON_NAME = AppIcon;
				ASSETCATALOG_COMPILER_GLOBAL_ACCENT_COLOR_NAME = AccentColor;
				CODE_SIGN_STYLE = Automatic;
				CURRENT_PROJECT_VERSION = 1;
				DEVELOPMENT_TEAM = J7UD9NJD36;
				ENABLE_USER_SCRIPT_SANDBOXING = NO;
				GENERATE_INFOPLIST_FILE = YES;
				INFOPLIST_FILE = EventSync/Info.plist;
				INFOPLIST_KEY_UIApplicationSupportsIndirectInputEvents = YES;
				INFOPLIST_KEY_UILaunchStoryboardName = LaunchScreen;
				INFOPLIST_KEY_UIMainStoryboardFile = Main;
				INFOPLIST_KEY_UISupportedInterfaceOrientations_iPad = "UIInterfaceOrientationPortrait UIInterfaceOrientationPortraitUpsideDown UIInterfaceOrientationLandscapeLeft UIInterfaceOrientationLandscapeRight";
				INFOPLIST_KEY_UISupportedInterfaceOrientations_iPhone = "UIInterfaceOrientationPortrait UIInterfaceOrientationLandscapeLeft UIInterfaceOrientationLandscapeRight";
				LD_RUNPATH_SEARCH_PATHS = (
					"$(inherited)",
					"@executable_path/Frameworks",
				);
				MARKETING_VERSION = 1.0;
				PRODUCT_BUNDLE_IDENTIFIER = com.dhadiwal.EventSync;
				PRODUCT_NAME = "$(TARGET_NAME)";
				SWIFT_EMIT_LOC_STRINGS = YES;
				SWIFT_VERSION = 5.0;
				TARGETED_DEVICE_FAMILY = "1,2";
			};
			name = Release;
		};
		152692412ECA7CD300E816F7 /* Debug */ = {
			isa = XCBuildConfiguration;
			buildSettings = {
				ALWAYS_SEARCH_USER_PATHS = NO;
				ASSETCATALOG_COMPILER_GENERATE_SWIFT_ASSET_SYMBOL_EXTENSIONS = YES;
				CLANG_ANALYZER_NONNULL = YES;
				CLANG_ANALYZER_NUMBER_OBJECT_CONVERSION = YES_AGGRESSIVE;
				CLANG_CXX_LANGUAGE_STANDARD = "gnu++20";
				CLANG_ENABLE_MODULES = YES;
				CLANG_ENABLE_OBJC_ARC = YES;
				CLANG_ENABLE_OBJC_WEAK = YES;
				CLANG_WARN_BLOCK_CAPTURE_AUTORELEASING = YES;
				CLANG_WARN_BOOL_CONVERSION = YES;
				CLANG_WARN_COMMA = YES;
				CLANG_WARN_CONSTANT_CONVERSION = YES;
				CLANG_WARN_DEPRECATED_OBJC_IMPLEMENTATIONS = YES;
				CLANG_WARN_DIRECT_OBJC_ISA_USAGE = YES_ERROR;
				CLANG_WARN_DOCUMENTATION_COMMENTS = YES;
				CLANG_WARN_EMPTY_BODY = YES;
				CLANG_WARN_ENUM_CONVERSION = YES;
				CLANG_WARN_INFINITE_RECURSION = YES;
				CLANG_WARN_INT_CONVERSION = YES;
				CLANG_WARN_NON_LITERAL_NULL_CONVERSION = YES;
				CLANG_WARN_OBJC_IMPLICIT_RETAIN_SELF = YES;
				CLANG_WARN_OBJC_LITERAL_CONVERSION = YES;
				CLANG_WARN_OBJC_ROOT_CLASS = YES_ERROR;
				CLANG_WARN_QUOTED_INCLUDE_IN_FRAMEWORK_HEADER = YES;
				CLANG_WARN_RANGE_LOOP_ANALYSIS = YES;
				CLANG_WARN_STRICT_PROTOTYPES = YES;
				CLANG_WARN_SUSPICIOUS_MOVE = YES;
				CLANG_WARN_UNGUARDED_AVAILABILITY = YES_AGGRESSIVE;
				CLANG_WARN_UNREACHABLE_CODE = YES;
				CLANG_WARN__DUPLICATE_METHOD_MATCH = YES;
				COPY_PHASE_STRIP = NO;
				DEBUG_INFORMATION_FORMAT = dwarf;
				DEVELOPMENT_TEAM = J7UD9NJD36;
				ENABLE_STRICT_OBJC_MSGSEND = YES;
				ENABLE_TESTABILITY = YES;
				ENABLE_USER_SCRIPT_SANDBOXING = YES;
				GCC_C_LANGUAGE_STANDARD = gnu17;
				GCC_DYNAMIC_NO_PIC = NO;
				GCC_NO_COMMON_BLOCKS = YES;
				GCC_OPTIMIZATION_LEVEL = 0;
				GCC_PREPROCESSOR_DEFINITIONS = (
					"DEBUG=1",
					"$(inherited)",
				);
				GCC_WARN_64_TO_32_BIT_CONVERSION = YES;
				GCC_WARN_ABOUT_RETURN_TYPE = YES_ERROR;
				GCC_WARN_UNDECLARED_SELECTOR = YES;
				GCC_WARN_UNINITIALIZED_AUTOS = YES_AGGRESSIVE;
				GCC_WARN_UNUSED_FUNCTION = YES;
				GCC_WARN_UNUSED_VARIABLE = YES;
				IPHONEOS_DEPLOYMENT_TARGET = 18.5;
				LOCALIZATION_PREFERS_STRING_CATALOGS = YES;
				MTL_ENABLE_DEBUG_INFO = INCLUDE_SOURCE;
				MTL_FAST_MATH = YES;
				ONLY_ACTIVE_ARCH = YES;
				SDKROOT = iphoneos;
				SWIFT_ACTIVE_COMPILATION_CONDITIONS = "DEBUG $(inherited)";
				SWIFT_OPTIMIZATION_LEVEL = "-Onone";
			};
			name = Debug;
		};
		152692422ECA7CD300E816F7 /* Release */ = {
			isa = XCBuildConfiguration;
			buildSettings = {
				ALWAYS_SEARCH_USER_PATHS = NO;
				ASSETCATALOG_COMPILER_GENERATE_SWIFT_ASSET_SYMBOL_EXTENSIONS = YES;
				CLANG_ANALYZER_NONNULL = YES;
				CLANG_ANALYZER_NUMBER_OBJECT_CONVERSION = YES_AGGRESSIVE;
				CLANG_CXX_LANGUAGE_STANDARD = "gnu++20";
				CLANG_ENABLE_MODULES = YES;
				CLANG_ENABLE_OBJC_ARC = YES;
				CLANG_ENABLE_OBJC_WEAK = YES;
				CLANG_WARN_BLOCK_CAPTURE_AUTORELEASING = YES;
				CLANG_WARN_BOOL_CONVERSION = YES;
				CLANG_WARN_COMMA = YES;
				CLANG_WARN_CONSTANT_CONVERSION = YES;
				CLANG_WARN_DEPRECATED_OBJC_IMPLEMENTATIONS = YES;
				CLANG_WARN_DIRECT_OBJC_ISA_USAGE = YES_ERROR;
				CLANG_WARN_DOCUMENTATION_COMMENTS = YES;
				CLANG_WARN_EMPTY_BODY = YES;
				CLANG_WARN_ENUM_CONVERSION = YES;
				CLANG_WARN_INFINITE_RECURSION = YES;
				CLANG_WARN_INT_CONVERSION = YES;
				CLANG_WARN_NON_LITERAL_NULL_CONVERSION = YES;
				CLANG_WARN_OBJC_IMPLICIT_RETAIN_SELF = YES;
				CLANG_WARN_OBJC_LITERAL_CONVERSION = YES;
				CLANG_WARN_OBJC_ROOT_CLASS = YES_ERROR;
				CLANG_WARN_QUOTED_INCLUDE_IN_FRAMEWORK_HEADER = YES;
				CLANG_WARN_RANGE_LOOP_ANALYSIS = YES;
				CLANG_WARN_STRICT_PROTOTYPES = YES;
				CLANG_WARN_SUSPICIOUS_MOVE = YES;
				CLANG_WARN_UNGUARDED_AVAILABILITY = YES_AGGRESSIVE;
				CLANG_WARN_UNREACHABLE_CODE = YES;
				CLANG_WARN__DUPLICATE_METHOD_MATCH = YES;
				COPY_PHASE_STRIP = NO;
				DEBUG_INFORMATION_FORMAT = "dwarf-with-dsym";
				DEVELOPMENT_TEAM = J7UD9NJD36;
				ENABLE_NS_ASSERTIONS = NO;
				ENABLE_STRICT_OBJC_MSGSEND = YES;
				ENABLE_USER_SCRIPT_SANDBOXING = YES;
				GCC_C_LANGUAGE_STANDARD = gnu17;
				GCC_NO_COMMON_BLOCKS = YES;
				GCC_WARN_64_TO_32_BIT_CONVERSION = YES;
				GCC_WARN_ABOUT_RETURN_TYPE = YES_ERROR;
				GCC_WARN_UNDECLARED_SELECTOR = YES;
				GCC_WARN_UNINITIALIZED_AUTOS = YES_AGGRESSIVE;
				GCC_WARN_UNUSED_FUNCTION = YES;
				GCC_WARN_UNUSED_VARIABLE = YES;
				IPHONEOS_DEPLOYMENT_TARGET = 18.5;
				LOCALIZATION_PREFERS_STRING_CATALOGS = YES;
				MTL_ENABLE_DEBUG_INFO = NO;
				MTL_FAST_MATH = YES;
				SDKROOT = iphoneos;
				SWIFT_COMPILATION_MODE = wholemodule;
				VALIDATE_PRODUCT = YES;
			};
			name = Release;
		};
/* End XCBuildConfiguration section */

/* Begin XCConfigurationList section */
		152692262ECA7CD200E816F7 /* Build configuration list for PBXProject "EventSync" */ = {
			isa = XCConfigurationList;
			buildConfigurations = (
				152692412ECA7CD300E816F7 /* Debug */,
				152692422ECA7CD300E816F7 /* Release */,
			);
			defaultConfigurationIsVisible = 0;
			defaultConfigurationName = Release;
		};
		1526923E2ECA7CD300E816F7 /* Build configuration list for PBXNativeTarget "EventSync" */ = {
			isa = XCConfigurationList;
			buildConfigurations = (
				1526923F2ECA7CD300E816F7 /* Debug */,
				152692402ECA7CD300E816F7 /* Release */,
			);
			defaultConfigurationIsVisible = 0;
			defaultConfigurationName = Release;
		};
/* End XCConfigurationList section */

/* Begin XCRemoteSwiftPackageReference section */
		1509E72B2EE619BD008EBE04 /* XCRemoteSwiftPackageReference "firebase-ios-sdk" */ = {
			isa = XCRemoteSwiftPackageReference;
			repositoryURL = "https://github.com/firebase/firebase-ios-sdk";
			requirement = {
				kind = upToNextMajorVersion;
				minimumVersion = 12.6.0;
			};
		};
/* End XCRemoteSwiftPackageReference section */

/* Begin XCSwiftPackageProductDependency section */
		1509E72C2EE619BD008EBE04 /* FirebaseAuth */ = {
			isa = XCSwiftPackageProductDependency;
			package = 1509E72B2EE619BD008EBE04 /* XCRemoteSwiftPackageReference "firebase-ios-sdk" */;
			productName = FirebaseAuth;
		};
		1509E72E2EE619BD008EBE04 /* FirebaseFirestore */ = {
			isa = XCSwiftPackageProductDependency;
			package = 1509E72B2EE619BD008EBE04 /* XCRemoteSwiftPackageReference "firebase-ios-sdk" */;
			productName = FirebaseFirestore;
		};
		1509E7302EE61B6A008EBE04 /* FirebaseAuth */ = {
			isa = XCSwiftPackageProductDependency;
			package = 1509E72B2EE619BD008EBE04 /* XCRemoteSwiftPackageReference "firebase-ios-sdk" */;
			productName = FirebaseAuth;
		};
		1509E7322EE61B6A008EBE04 /* FirebaseCore */ = {
			isa = XCSwiftPackageProductDependency;
			package = 1509E72B2EE619BD008EBE04 /* XCRemoteSwiftPackageReference "firebase-ios-sdk" */;
			productName = FirebaseCore;
		};
		1509E7342EE61B6A008EBE04 /* FirebaseDatabase */ = {
			isa = XCSwiftPackageProductDependency;
			package = 1509E72B2EE619BD008EBE04 /* XCRemoteSwiftPackageReference "firebase-ios-sdk" */;
			productName = FirebaseDatabase;
		};
		1509E7362EE61B6A008EBE04 /* FirebaseFirestore */ = {
			isa = XCSwiftPackageProductDependency;
			package = 1509E72B2EE619BD008EBE04 /* XCRemoteSwiftPackageReference "firebase-ios-sdk" */;
			productName = FirebaseFirestore;
		};
		1509E7382EE61B6A008EBE04 /* FirebaseStorage */ = {
			isa = XCSwiftPackageProductDependency;
			package = 1509E72B2EE619BD008EBE04 /* XCRemoteSwiftPackageReference "firebase-ios-sdk" */;
			productName = FirebaseStorage;
		};
/* End XCSwiftPackageProductDependency section */
	};
	rootObject = 152692232ECA7CD200E816F7 /* Project object */;
}
